
Microsoft Visual Studio Solution File, Format Version 12.00
# Visual Studio Version 17
VisualStudioVersion = 17.10.34916.146
MinimumVisualStudioVersion = 10.0.40219.1
Project("{FAE04EC0-301F-11D3-BF4B-00C04F79EFBC}") = "RandomMatrix", "RandomMatrix\RandomMatrix.csproj", "{78ED0938-DB53-4660-9B53-E2961FFD483E}"
EndProject
Global
	GlobalSection(SolutionConfigurationPlatforms) = preSolution
		Debug|Any CPU = Debug|Any CPU
		Release|Any CPU = Release|Any CPU
	EndGlobalSection
	GlobalSection(ProjectConfigurationPlatforms) = postSolution
		{78ED0938-DB53-4660-9B53-E2961FFD483E}.Debug|Any CPU.ActiveCfg = Debug|Any CPU
		{78ED0938-DB53-4660-9B53-E2961FFD483E}.Debug|Any CPU.Build.0 = Debug|Any CPU
		{78ED0938-DB53-4660-9B53-E2961FFD483E}.Release|Any CPU.ActiveCfg = Release|Any CPU
		{78ED0938-DB53-4660-9B53-E2961FFD483E}.Release|Any CPU.Build.0 = Release|Any CPU
	EndGlobalSection
	GlobalSection(SolutionProperties) = preSolution
		HideSolutionNode = FALSE
	EndGlobalSection
	GlobalSection(ExtensibilityGlobals) = postSolution
		SolutionGuid = {2B4CDC96-DFD8-4327-9B0F-1B72E00321A5}
	EndGlobalSection
EndGlobal
